
Microsoft Visual Studio Solution File, Format Version 12.00
# Visual Studio 2013
Project("{8BC9CEB8-8B4A-11D0-8D11-00A0C91BC942}") = "ParticleSystem", "ParticleSystem.vcxproj", "{CA65F0E7-1847-48A3-A028-D2B45E9ACC74}"
EndProject
Global
	GlobalSection(SolutionConfigurationPlatforms) = preSolution
		Debug|Win32 = Debug|Win32
		Release|Win32 = Release|Win32
	EndGlobalSection
	GlobalSection(ProjectConfigurationPlatforms) = postSolution
		{CA65F0E7-1847-48A3-A028-D2B45E9ACC74}.Debug|Win32.ActiveCfg = Debug|Win32
		{CA65F0E7-1847-48A3-A028-D2B45E9ACC74}.Debug|Win32.Build.0 = Debug|Win32
		{CA65F0E7-1847-48A3-A028-D2B45E9ACC74}.Release|Win32.ActiveCfg = Release|Win32
		{CA65F0E7-1847-48A3-A028-D2B45E9ACC74}.Release|Win32.Build.0 = Release|Win32
	EndGlobalSection
	GlobalSection(SolutionProperties) = preSolution
		HideSolutionNode = FALSE
	EndGlobalSection
EndGlobal
